// !$*UTF8*$!
{
	archiveVersion = 1;
	classes = {
	};
	objectVersion = 50;
	objects = {

/* Begin PBXBuildFile section */
		DC51B4122625942A004F678D /* CameraOpenGLViewController.m in Sources */ = {isa = PBXBuildFile; fileRef = DC51B4112625942A004F678D /* CameraOpenGLViewController.m */; };
		DC5F72532615C83900A80CB3 /* AppDelegate.m in Sources */ = {isa = PBXBuildFile; fileRef = DC5F72522615C83900A80CB3 /* AppDelegate.m */; };
		DC5F72562615C83900A80CB3 /* SceneDelegate.m in Sources */ = {isa = PBXBuildFile; fileRef = DC5F72552615C83900A80CB3 /* SceneDelegate.m */; };
		DC5F72592615C83900A80CB3 /* ViewController.m in Sources */ = {isa = PBXBuildFile; fileRef = DC5F72582615C83900A80CB3 /* ViewController.m */; };
		DC5F725C2615C83900A80CB3 /* Main.storyboard in Resources */ = {isa = PBXBuildFile; fileRef = DC5F725A2615C83900A80CB3 /* Main.storyboard */; };
		DC5F725E2615C83B00A80CB3 /* Assets.xcassets in Resources */ = {isa = PBXBuildFile; fileRef = DC5F725D2615C83B00A80CB3 /* Assets.xcassets */; };
		DC5F72612615C83B00A80CB3 /* LaunchScreen.storyboard in Resources */ = {isa = PBXBuildFile; fileRef = DC5F725F2615C83B00A80CB3 /* LaunchScreen.storyboard */; };
		DC5F72642615C83B00A80CB3 /* main.m in Sources */ = {isa = PBXBuildFile; fileRef = DC5F72632615C83B00A80CB3 /* main.m */; };
		DC5F726F2615C8F300A80CB3 /* person.jpeg in Resources */ = {isa = PBXBuildFile; fileRef = DC5F726E2615C8F300A80CB3 /* person.jpeg */; };
		DCAFD98B261C154800F5D2C1 /* CameraPreviewController.m in Sources */ = {isa = PBXBuildFile; fileRef = DCAFD98A261C154800F5D2C1 /* CameraPreviewController.m */; };
		DCF4C460262EE0E700A6D602 /* GPUImage.framework in Frameworks */ = {isa = PBXBuildFile; fileRef = DC5F726A2615C85A00A80CB3 /* GPUImage.framework */; };
		DCF4C461262EE0E700A6D602 /* GPUImage.framework in Embed Frameworks */ = {isa = PBXBuildFile; fileRef = DC5F726A2615C85A00A80CB3 /* GPUImage.framework */; settings = {ATTRIBUTES = (CodeSignOnCopy, RemoveHeadersOnCopy, ); }; };
		DCF4C4E32631659600A6D602 /* CameraOpenGLRenderViewController.m in Sources */ = {isa = PBXBuildFile; fileRef = DCF4C4E22631659600A6D602 /* CameraOpenGLRenderViewController.m */; };
		DCF4C4F7263275EA00A6D602 /* RosyWriterCapturePipeline.m in Sources */ = {isa = PBXBuildFile; fileRef = DCF4C4EA263275EA00A6D602 /* RosyWriterCapturePipeline.m */; };
		DCF4C4F8263275EA00A6D602 /* RosyWriterOpenGLRenderer.m in Sources */ = {isa = PBXBuildFile; fileRef = DCF4C4EC263275EA00A6D602 /* RosyWriterOpenGLRenderer.m */; };
		DCF4C4F9263275EA00A6D602 /* OpenGLPixelBufferView.m in Sources */ = {isa = PBXBuildFile; fileRef = DCF4C4EE263275EA00A6D602 /* OpenGLPixelBufferView.m */; };
		DCF4C4FA263275EA00A6D602 /* MovieRecorder.m in Sources */ = {isa = PBXBuildFile; fileRef = DCF4C4EF263275EA00A6D602 /* MovieRecorder.m */; };
		DCF4C4FB263275EA00A6D602 /* ShaderUtilities.c in Sources */ = {isa = PBXBuildFile; fileRef = DCF4C4F2263275EA00A6D602 /* ShaderUtilities.c */; };
		DCF4C4FC263275EA00A6D602 /* matrix.c in Sources */ = {isa = PBXBuildFile; fileRef = DCF4C4F4263275EA00A6D602 /* matrix.c */; };
/* End PBXBuildFile section */

/* Begin PBXCopyFilesBuildPhase section */
		DCF4C462262EE0E700A6D602 /* Embed Frameworks */ = {
			isa = PBXCopyFilesBuildPhase;
			buildActionMask = 2147483647;
			dstPath = "";
			dstSubfolderSpec = 10;
			files = (
				DCF4C461262EE0E700A6D602 /* GPUImage.framework in Embed Frameworks */,
			);
			name = "Embed Frameworks";
			runOnlyForDeploymentPostprocessing = 0;
		};
/* End PBXCopyFilesBuildPhase section */

/* Begin PBXFileReference section */
		DC51B4102625942A004F678D /* CameraOpenGLViewController.h */ = {isa = PBXFileReference; lastKnownFileType = sourcecode.c.h; path = CameraOpenGLViewController.h; sourceTree = "<group>"; };
		DC51B4112625942A004F678D /* CameraOpenGLViewController.m */ = {isa = PBXFileReference; lastKnownFileType = sourcecode.c.objc; path = CameraOpenGLViewController.m; sourceTree = "<group>"; };
		DC5F724E2615C83900A80CB3 /* GPUImageDemo.app */ = {isa = PBXFileReference; explicitFileType = wrapper.application; includeInIndex = 0; path = GPUImageDemo.app; sourceTree = BUILT_PRODUCTS_DIR; };
		DC5F72512615C83900A80CB3 /* AppDelegate.h */ = {isa = PBXFileReference; lastKnownFileType = sourcecode.c.h; path = AppDelegate.h; sourceTree = "<group>"; };
		DC5F72522615C83900A80CB3 /* AppDelegate.m */ = {isa = PBXFileReference; lastKnownFileType = sourcecode.c.objc; path = AppDelegate.m; sourceTree = "<group>"; };
		DC5F72542615C83900A80CB3 /* SceneDelegate.h */ = {isa = PBXFileReference; lastKnownFileType = sourcecode.c.h; path = SceneDelegate.h; sourceTree = "<group>"; };
		DC5F72552615C83900A80CB3 /* SceneDelegate.m */ = {isa = PBXFileReference; lastKnownFileType = sourcecode.c.objc; path = SceneDelegate.m; sourceTree = "<group>"; };
		DC5F72572615C83900A80CB3 /* ViewController.h */ = {isa = PBXFileReference; lastKnownFileType = sourcecode.c.h; path = ViewController.h; sourceTree = "<group>"; };
		DC5F72582615C83900A80CB3 /* ViewController.m */ = {isa = PBXFileReference; lastKnownFileType = sourcecode.c.objc; path = ViewController.m; sourceTree = "<group>"; };
		DC5F725B2615C83900A80CB3 /* Base */ = {isa = PBXFileReference; lastKnownFileType = file.storyboard; name = Base; path = Base.lproj/Main.storyboard; sourceTree = "<group>"; };
		DC5F725D2615C83B00A80CB3 /* Assets.xcassets */ = {isa = PBXFileReference; lastKnownFileType = folder.assetcatalog; path = Assets.xcassets; sourceTree = "<group>"; };
		DC5F72602615C83B00A80CB3 /* Base */ = {isa = PBXFileReference; lastKnownFileType = file.storyboard; name = Base; path = Base.lproj/LaunchScreen.storyboard; sourceTree = "<group>"; };
		DC5F72622615C83B00A80CB3 /* Info.plist */ = {isa = PBXFileReference; lastKnownFileType = text.plist.xml; path = Info.plist; sourceTree = "<group>"; };
		DC5F72632615C83B00A80CB3 /* main.m */ = {isa = PBXFileReference; lastKnownFileType = sourcecode.c.objc; path = main.m; sourceTree = "<group>"; };
		DC5F726A2615C85A00A80CB3 /* GPUImage.framework */ = {isa = PBXFileReference; lastKnownFileType = wrapper.framework; path = GPUImage.framework; sourceTree = "<group>"; };
		DC5F726E2615C8F300A80CB3 /* person.jpeg */ = {isa = PBXFileReference; lastKnownFileType = image.jpeg; path = person.jpeg; sourceTree = "<group>"; };
		DCAFD989261C154800F5D2C1 /* CameraPreviewController.h */ = {isa = PBXFileReference; lastKnownFileType = sourcecode.c.h; path = CameraPreviewController.h; sourceTree = "<group>"; };
		DCAFD98A261C154800F5D2C1 /* CameraPreviewController.m */ = {isa = PBXFileReference; lastKnownFileType = sourcecode.c.objc; path = CameraPreviewController.m; sourceTree = "<group>"; };
		DCF4C4E12631659600A6D602 /* CameraOpenGLRenderViewController.h */ = {isa = PBXFileReference; lastKnownFileType = sourcecode.c.h; path = CameraOpenGLRenderViewController.h; sourceTree = "<group>"; };
		DCF4C4E22631659600A6D602 /* CameraOpenGLRenderViewController.m */ = {isa = PBXFileReference; lastKnownFileType = sourcecode.c.objc; path = CameraOpenGLRenderViewController.m; sourceTree = "<group>"; };
		DCF4C4E8263275EA00A6D602 /* RosyWriterOpenGLRenderer.h */ = {isa = PBXFileReference; fileEncoding = 4; lastKnownFileType = sourcecode.c.h; path = RosyWriterOpenGLRenderer.h; sourceTree = "<group>"; };
		DCF4C4E9263275EA00A6D602 /* RosyWriterCapturePipeline.h */ = {isa = PBXFileReference; fileEncoding = 4; lastKnownFileType = sourcecode.c.h; path = RosyWriterCapturePipeline.h; sourceTree = "<group>"; };
		DCF4C4EA263275EA00A6D602 /* RosyWriterCapturePipeline.m */ = {isa = PBXFileReference; fileEncoding = 4; lastKnownFileType = sourcecode.c.objc; path = RosyWriterCapturePipeline.m; sourceTree = "<group>"; };
		DCF4C4EB263275EA00A6D602 /* RosyWriterRenderer.h */ = {isa = PBXFileReference; fileEncoding = 4; lastKnownFileType = sourcecode.c.h; path = RosyWriterRenderer.h; sourceTree = "<group>"; };
		DCF4C4EC263275EA00A6D602 /* RosyWriterOpenGLRenderer.m */ = {isa = PBXFileReference; fileEncoding = 4; lastKnownFileType = sourcecode.c.objc; path = RosyWriterOpenGLRenderer.m; sourceTree = "<group>"; };
		DCF4C4EE263275EA00A6D602 /* OpenGLPixelBufferView.m */ = {isa = PBXFileReference; fileEncoding = 4; lastKnownFileType = sourcecode.c.objc; path = OpenGLPixelBufferView.m; sourceTree = "<group>"; };
		DCF4C4EF263275EA00A6D602 /* MovieRecorder.m */ = {isa = PBXFileReference; fileEncoding = 4; lastKnownFileType = sourcecode.c.objc; path = MovieRecorder.m; sourceTree = "<group>"; };
		DCF4C4F0263275EA00A6D602 /* OpenGLPixelBufferView.h */ = {isa = PBXFileReference; fileEncoding = 4; lastKnownFileType = sourcecode.c.h; path = OpenGLPixelBufferView.h; sourceTree = "<group>"; };
		DCF4C4F2263275EA00A6D602 /* ShaderUtilities.c */ = {isa = PBXFileReference; fileEncoding = 4; lastKnownFileType = sourcecode.c.c; path = ShaderUtilities.c; sourceTree = "<group>"; };
		DCF4C4F3263275EA00A6D602 /* matrix.h */ = {isa = PBXFileReference; fileEncoding = 4; lastKnownFileType = sourcecode.c.h; path = matrix.h; sourceTree = "<group>"; };
		DCF4C4F4263275EA00A6D602 /* matrix.c */ = {isa = PBXFileReference; fileEncoding = 4; lastKnownFileType = sourcecode.c.c; path = matrix.c; sourceTree = "<group>"; };
		DCF4C4F5263275EA00A6D602 /* ShaderUtilities.h */ = {isa = PBXFileReference; fileEncoding = 4; lastKnownFileType = sourcecode.c.h; path = ShaderUtilities.h; sourceTree = "<group>"; };
		DCF4C4F6263275EA00A6D602 /* MovieRecorder.h */ = {isa = PBXFileReference; fileEncoding = 4; lastKnownFileType = sourcecode.c.h; path = MovieRecorder.h; sourceTree = "<group>"; };
/* End PBXFileReference section */

/* Begin PBXFrameworksBuildPhase section */
		DC5F724B2615C83900A80CB3 /* Frameworks */ = {
			isa = PBXFrameworksBuildPhase;
			buildActionMask = 2147483647;
			files = (
				DCF4C460262EE0E700A6D602 /* GPUImage.framework in Frameworks */,
			);
			runOnlyForDeploymentPostprocessing = 0;
		};
/* End PBXFrameworksBuildPhase section */

/* Begin PBXGroup section */
		DC5F72452615C83900A80CB3 = {
			isa = PBXGroup;
			children = (
				DC5F72502615C83900A80CB3 /* GPUImageDemo */,
				DC5F724F2615C83900A80CB3 /* Products */,
			);
			sourceTree = "<group>";
		};
		DC5F724F2615C83900A80CB3 /* Products */ = {
			isa = PBXGroup;
			children = (
				DC5F724E2615C83900A80CB3 /* GPUImageDemo.app */,
			);
			name = Products;
			sourceTree = "<group>";
		};
		DC5F72502615C83900A80CB3 /* GPUImageDemo */ = {
			isa = PBXGroup;
			children = (
				DCAFD987261C150800F5D2C1 /* Camera */,
				DC5F726C2615C8F300A80CB3 /* Resources */,
				DC5F726A2615C85A00A80CB3 /* GPUImage.framework */,
				DC5F72512615C83900A80CB3 /* AppDelegate.h */,
				DC5F72522615C83900A80CB3 /* AppDelegate.m */,
				DC5F72542615C83900A80CB3 /* SceneDelegate.h */,
				DC5F72552615C83900A80CB3 /* SceneDelegate.m */,
				DC5F72572615C83900A80CB3 /* ViewController.h */,
				DC5F72582615C83900A80CB3 /* ViewController.m */,
				DC5F725A2615C83900A80CB3 /* Main.storyboard */,
				DC5F725D2615C83B00A80CB3 /* Assets.xcassets */,
				DC5F725F2615C83B00A80CB3 /* LaunchScreen.storyboard */,
				DC5F72622615C83B00A80CB3 /* Info.plist */,
				DC5F72632615C83B00A80CB3 /* main.m */,
			);
			path = GPUImageDemo;
			sourceTree = "<group>";
		};
		DC5F726C2615C8F300A80CB3 /* Resources */ = {
			isa = PBXGroup;
			children = (
				DC5F726D2615C8F300A80CB3 /* Images */,
			);
			path = Resources;
			sourceTree = "<group>";
		};
		DC5F726D2615C8F300A80CB3 /* Images */ = {
			isa = PBXGroup;
			children = (
				DC5F726E2615C8F300A80CB3 /* person.jpeg */,
			);
			path = Images;
			sourceTree = "<group>";
		};
		DCAFD987261C150800F5D2C1 /* Camera */ = {
			isa = PBXGroup;
			children = (
				DCAFD988261C151500F5D2C1 /* Capture */,
			);
			path = Camera;
			sourceTree = "<group>";
		};
		DCAFD988261C151500F5D2C1 /* Capture */ = {
			isa = PBXGroup;
			children = (
				DCF4C4E4263165B200A6D602 /* Vendor */,
				DCAFD989261C154800F5D2C1 /* CameraPreviewController.h */,
				DCAFD98A261C154800F5D2C1 /* CameraPreviewController.m */,
				DC51B4102625942A004F678D /* CameraOpenGLViewController.h */,
				DC51B4112625942A004F678D /* CameraOpenGLViewController.m */,
				DCF4C4E12631659600A6D602 /* CameraOpenGLRenderViewController.h */,
				DCF4C4E22631659600A6D602 /* CameraOpenGLRenderViewController.m */,
			);
			path = Capture;
			sourceTree = "<group>";
		};
		DCF4C4E4263165B200A6D602 /* Vendor */ = {
			isa = PBXGroup;
			children = (
				DCF4C4E9263275EA00A6D602 /* RosyWriterCapturePipeline.h */,
				DCF4C4EA263275EA00A6D602 /* RosyWriterCapturePipeline.m */,
				DCF4C4E8263275EA00A6D602 /* RosyWriterOpenGLRenderer.h */,
				DCF4C4EC263275EA00A6D602 /* RosyWriterOpenGLRenderer.m */,
				DCF4C4EB263275EA00A6D602 /* RosyWriterRenderer.h */,
				DCF4C4ED263275EA00A6D602 /* Utilities */,
			);
			path = Vendor;
			sourceTree = "<group>";
		};
		DCF4C4ED263275EA00A6D602 /* Utilities */ = {
			isa = PBXGroup;
			children = (
				DCF4C4EE263275EA00A6D602 /* OpenGLPixelBufferView.m */,
				DCF4C4EF263275EA00A6D602 /* MovieRecorder.m */,
				DCF4C4F0263275EA00A6D602 /* OpenGLPixelBufferView.h */,
				DCF4C4F1263275EA00A6D602 /* GL */,
				DCF4C4F6263275EA00A6D602 /* MovieRecorder.h */,
			);
			path = Utilities;
			sourceTree = "<group>";
		};
		DCF4C4F1263275EA00A6D602 /* GL */ = {
			isa = PBXGroup;
			children = (
				DCF4C4F2263275EA00A6D602 /* ShaderUtilities.c */,
				DCF4C4F3263275EA00A6D602 /* matrix.h */,
				DCF4C4F4263275EA00A6D602 /* matrix.c */,
				DCF4C4F5263275EA00A6D602 /* ShaderUtilities.h */,
			);
			path = GL;
			sourceTree = "<group>";
		};
/* End PBXGroup section */

/* Begin PBXNativeTarget section */
		DC5F724D2615C83900A80CB3 /* GPUImageDemo */ = {
			isa = PBXNativeTarget;
			buildConfigurationList = DC5F72672615C83B00A80CB3 /* Build configuration list for PBXNativeTarget "GPUImageDemo" */;
			buildPhases = (
				DC5F724A2615C83900A80CB3 /* Sources */,
				DC5F724B2615C83900A80CB3 /* Frameworks */,
				DC5F724C2615C83900A80CB3 /* Resources */,
				DCF4C462262EE0E700A6D602 /* Embed Frameworks */,
			);
			buildRules = (
			);
			dependencies = (
			);
			name = GPUImageDemo;
			productName = GPUImageDemo;
			productReference = DC5F724E2615C83900A80CB3 /* GPUImageDemo.app */;
			productType = "com.apple.product-type.application";
		};
/* End PBXNativeTarget section */

/* Begin PBXProject section */
		DC5F72462615C83900A80CB3 /* Project object */ = {
			isa = PBXProject;
			attributes = {
				LastUpgradeCheck = 1240;
				ORGANIZATIONNAME = meiliangjun1_vendor;
				TargetAttributes = {
					DC5F724D2615C83900A80CB3 = {
						CreatedOnToolsVersion = 11.4.1;
					};
				};
			};
			buildConfigurationList = DC5F72492615C83900A80CB3 /* Build configuration list for PBXProject "GPUImageDemo" */;
			compatibilityVersion = "Xcode 9.3";
			developmentRegion = en;
			hasScannedForEncodings = 0;
			knownRegions = (
				en,
				Base,
			);
			mainGroup = DC5F72452615C83900A80CB3;
			productRefGroup = DC5F724F2615C83900A80CB3 /* Products */;
			projectDirPath = "";
			projectRoot = "";
			targets = (
				DC5F724D2615C83900A80CB3 /* GPUImageDemo */,
			);
		};
/* End PBXProject section */

/* Begin PBXResourcesBuildPhase section */
		DC5F724C2615C83900A80CB3 /* Resources */ = {
			isa = PBXResourcesBuildPhase;
			buildActionMask = 2147483647;
			files = (
				DC5F72612615C83B00A80CB3 /* LaunchScreen.storyboard in Resources */,
				DC5F725E2615C83B00A80CB3 /* Assets.xcassets in Resources */,
				DC5F726F2615C8F300A80CB3 /* person.jpeg in Resources */,
				DC5F725C2615C83900A80CB3 /* Main.storyboard in Resources */,
			);
			runOnlyForDeploymentPostprocessing = 0;
		};
/* End PBXResourcesBuildPhase section */

/* Begin PBXSourcesBuildPhase section */
		DC5F724A2615C83900A80CB3 /* Sources */ = {
			isa = PBXSourcesBuildPhase;
			buildActionMask = 2147483647;
			files = (
				DC5F72592615C83900A80CB3 /* ViewController.m in Sources */,
				DCF4C4E32631659600A6D602 /* CameraOpenGLRenderViewController.m in Sources */,
				DCF4C4F7263275EA00A6D602 /* RosyWriterCapturePipeline.m in Sources */,
				DC5F72532615C83900A80CB3 /* AppDelegate.m in Sources */,
				DCF4C4F9263275EA00A6D602 /* OpenGLPixelBufferView.m in Sources */,
				DCF4C4FB263275EA00A6D602 /* ShaderUtilities.c in Sources */,
				DC51B4122625942A004F678D /* CameraOpenGLViewController.m in Sources */,
				DCF4C4FA263275EA00A6D602 /* MovieRecorder.m in Sources */,
				DCF4C4F8263275EA00A6D602 /* RosyWriterOpenGLRenderer.m in Sources */,
				DC5F72642615C83B00A80CB3 /* main.m in Sources */,
				DC5F72562615C83900A80CB3 /* SceneDelegate.m in Sources */,
				DCAFD98B261C154800F5D2C1 /* CameraPreviewController.m in Sources */,
				DCF4C4FC263275EA00A6D602 /* matrix.c in Sources */,
			);
			runOnlyForDeploymentPostprocessing = 0;
		};
/* End PBXSourcesBuildPhase section */

/* Begin PBXVariantGroup section */
		DC5F725A2615C83900A80CB3 /* Main.storyboard */ = {
			isa = PBXVariantGroup;
			children = (
				DC5F725B2615C83900A80CB3 /* Base */,
			);
			name = Main.storyboard;
			sourceTree = "<group>";
		};
		DC5F725F2615C83B00A80CB3 /* LaunchScreen.storyboard */ = {
			isa = PBXVariantGroup;
			children = (
				DC5F72602615C83B00A80CB3 /* Base */,
			);
			name = LaunchScreen.storyboard;
			sourceTree = "<group>";
		};
/* End PBXVariantGroup section */

/* Begin XCBuildConfiguration section */
		DC5F72652615C83B00A80CB3 /* Debug */ = {
			isa = XCBuildConfiguration;
			buildSettings = {
				ALWAYS_SEARCH_USER_PATHS = NO;
				CLANG_ANALYZER_NONNULL = YES;
				CLANG_ANALYZER_NUMBER_OBJECT_CONVERSION = YES_AGGRESSIVE;
				CLANG_CXX_LANGUAGE_STANDARD = "gnu++14";
				CLANG_CXX_LIBRARY = "libc++";
				CLANG_ENABLE_MODULES = YES;
				CLANG_ENABLE_OBJC_ARC = YES;
				CLANG_ENABLE_OBJC_WEAK = YES;
				CLANG_WARN_BLOCK_CAPTURE_AUTORELEASING = YES;
				CLANG_WARN_BOOL_CONVERSION = YES;
				CLANG_WARN_COMMA = YES;
				CLANG_WARN_CONSTANT_CONVERSION = YES;
				CLANG_WARN_DEPRECATED_OBJC_IMPLEMENTATIONS = YES;
				CLANG_WARN_DIRECT_OBJC_ISA_USAGE = YES_ERROR;
				CLANG_WARN_DOCUMENTATION_COMMENTS = YES;
				CLANG_WARN_EMPTY_BODY = YES;
				CLANG_WARN_ENUM_CONVERSION = YES;
				CLANG_WARN_INFINITE_RECURSION = YES;
				CLANG_WARN_INT_CONVERSION = YES;
				CLANG_WARN_NON_LITERAL_NULL_CONVERSION = YES;
				CLANG_WARN_OBJC_IMPLICIT_RETAIN_SELF = YES;
				CLANG_WARN_OBJC_LITERAL_CONVERSION = YES;
				CLANG_WARN_OBJC_ROOT_CLASS = YES_ERROR;
				CLANG_WARN_QUOTED_INCLUDE_IN_FRAMEWORK_HEADER = YES;
				CLANG_WARN_RANGE_LOOP_ANALYSIS = YES;
				CLANG_WARN_STRICT_PROTOTYPES = YES;
				CLANG_WARN_SUSPICIOUS_MOVE = YES;
				CLANG_WARN_UNGUARDED_AVAILABILITY = YES_AGGRESSIVE;
				CLANG_WARN_UNREACHABLE_CODE = YES;
				CLANG_WARN__DUPLICATE_METHOD_MATCH = YES;
				COPY_PHASE_STRIP = NO;
				DEBUG_INFORMATION_FORMAT = dwarf;
				ENABLE_STRICT_OBJC_MSGSEND = YES;
				ENABLE_TESTABILITY = YES;
				GCC_C_LANGUAGE_STANDARD = gnu11;
				GCC_DYNAMIC_NO_PIC = NO;
				GCC_NO_COMMON_BLOCKS = YES;
				GCC_OPTIMIZATION_LEVEL = 0;
				GCC_PREPROCESSOR_DEFINITIONS = (
					"DEBUG=1",
					"$(inherited)",
				);
				GCC_WARN_64_TO_32_BIT_CONVERSION = YES;
				GCC_WARN_ABOUT_RETURN_TYPE = YES_ERROR;
				GCC_WARN_UNDECLARED_SELECTOR = YES;
				GCC_WARN_UNINITIALIZED_AUTOS = YES_AGGRESSIVE;
				GCC_WARN_UNUSED_FUNCTION = YES;
				GCC_WARN_UNUSED_VARIABLE = YES;
				IPHONEOS_DEPLOYMENT_TARGET = 13.4;
				MTL_ENABLE_DEBUG_INFO = INCLUDE_SOURCE;
				MTL_FAST_MATH = YES;
				ONLY_ACTIVE_ARCH = YES;
				SDKROOT = iphoneos;
			};
			name = Debug;
		};
		DC5F72662615C83B00A80CB3 /* Release */ = {
			isa = XCBuildConfiguration;
			buildSettings = {
				ALWAYS_SEARCH_USER_PATHS = NO;
				CLANG_ANALYZER_NONNULL = YES;
				CLANG_ANALYZER_NUMBER_OBJECT_CONVERSION = YES_AGGRESSIVE;
				CLANG_CXX_LANGUAGE_STANDARD = "gnu++14";
				CLANG_CXX_LIBRARY = "libc++";
				CLANG_ENABLE_MODULES = YES;
				CLANG_ENABLE_OBJC_ARC = YES;
				CLANG_ENABLE_OBJC_WEAK = YES;
				CLANG_WARN_BLOCK_CAPTURE_AUTORELEASING = YES;
				CLANG_WARN_BOOL_CONVERSION = YES;
				CLANG_WARN_COMMA = YES;
				CLANG_WARN_CONSTANT_CONVERSION = YES;
				CLANG_WARN_DEPRECATED_OBJC_IMPLEMENTATIONS = YES;
				CLANG_WARN_DIRECT_OBJC_ISA_USAGE = YES_ERROR;
				CLANG_WARN_DOCUMENTATION_COMMENTS = YES;
				CLANG_WARN_EMPTY_BODY = YES;
				CLANG_WARN_ENUM_CONVERSION = YES;
				CLANG_WARN_INFINITE_RECURSION = YES;
				CLANG_WARN_INT_CONVERSION = YES;
				CLANG_WARN_NON_LITERAL_NULL_CONVERSION = YES;
				CLANG_WARN_OBJC_IMPLICIT_RETAIN_SELF = YES;
				CLANG_WARN_OBJC_LITERAL_CONVERSION = YES;
				CLANG_WARN_OBJC_ROOT_CLASS = YES_ERROR;
				CLANG_WARN_QUOTED_INCLUDE_IN_FRAMEWORK_HEADER = YES;
				CLANG_WARN_RANGE_LOOP_ANALYSIS = YES;
				CLANG_WARN_STRICT_PROTOTYPES = YES;
				CLANG_WARN_SUSPICIOUS_MOVE = YES;
				CLANG_WARN_UNGUARDED_AVAILABILITY = YES_AGGRESSIVE;
				CLANG_WARN_UNREACHABLE_CODE = YES;
				CLANG_WARN__DUPLICATE_METHOD_MATCH = YES;
				COPY_PHASE_STRIP = NO;
				DEBUG_INFORMATION_FORMAT = "dwarf-with-dsym";
				ENABLE_NS_ASSERTIONS = NO;
				ENABLE_STRICT_OBJC_MSGSEND = YES;
				GCC_C_LANGUAGE_STANDARD = gnu11;
				GCC_NO_COMMON_BLOCKS = YES;
				GCC_WARN_64_TO_32_BIT_CONVERSION = YES;
				GCC_WARN_ABOUT_RETURN_TYPE = YES_ERROR;
				GCC_WARN_UNDECLARED_SELECTOR = YES;
				GCC_WARN_UNINITIALIZED_AUTOS = YES_AGGRESSIVE;
				GCC_WARN_UNUSED_FUNCTION = YES;
				GCC_WARN_UNUSED_VARIABLE = YES;
				IPHONEOS_DEPLOYMENT_TARGET = 13.4;
				MTL_ENABLE_DEBUG_INFO = NO;
				MTL_FAST_MATH = YES;
				SDKROOT = iphoneos;
				VALIDATE_PRODUCT = YES;
			};
			name = Release;
		};
		DC5F72682615C83B00A80CB3 /* Debug */ = {
			isa = XCBuildConfiguration;
			buildSettings = {
				ASSETCATALOG_COMPILER_APPICON_NAME = AppIcon;
				CODE_SIGN_STYLE = Automatic;
				DEVELOPMENT_TEAM = L9VG7Y8LCU;
				FRAMEWORK_SEARCH_PATHS = (
					"$(inherited)",
					"$(PROJECT_DIR)/GPUImageDemo",
				);
				INFOPLIST_FILE = GPUImageDemo/Info.plist;
				IPHONEOS_DEPLOYMENT_TARGET = 10.0;
				LD_RUNPATH_SEARCH_PATHS = (
					"$(inherited)",
					"@executable_path/Frameworks",
				);
				PRODUCT_BUNDLE_IDENTIFIER = com.mei.sensetime.ar.GPUImageDemo;
				PRODUCT_NAME = "$(TARGET_NAME)";
				TARGETED_DEVICE_FAMILY = "1,2";
				VALIDATE_WORKSPACE = YES;
			};
			name = Debug;
		};
		DC5F72692615C83B00A80CB3 /* Release */ = {
			isa = XCBuildConfiguration;
			buildSettings = {
				ASSETCATALOG_COMPILER_APPICON_NAME = AppIcon;
				CODE_SIGN_STYLE = Automatic;
				DEVELOPMENT_TEAM = L9VG7Y8LCU;
				FRAMEWORK_SEARCH_PATHS = (
					"$(inherited)",
					"$(PROJECT_DIR)/GPUImageDemo",
				);
				INFOPLIST_FILE = GPUImageDemo/Info.plist;
				IPHONEOS_DEPLOYMENT_TARGET = 10.0;
				LD_RUNPATH_SEARCH_PATHS = (
					"$(inherited)",
					"@executable_path/Frameworks",
				);
				PRODUCT_BUNDLE_IDENTIFIER = com.mei.sensetime.ar.GPUImageDemo;
				PRODUCT_NAME = "$(TARGET_NAME)";
				TARGETED_DEVICE_FAMILY = "1,2";
				VALIDATE_WORKSPACE = YES;
			};
			name = Release;
		};
/* End XCBuildConfiguration section */

/* Begin XCConfigurationList section */
		DC5F72492615C83900A80CB3 /* Build configuration list for PBXProject "GPUImageDemo" */ = {
			isa = XCConfigurationList;
			buildConfigurations = (
				DC5F72652615C83B00A80CB3 /* Debug */,
				DC5F72662615C83B00A80CB3 /* Release */,
			);
			defaultConfigurationIsVisible = 0;
			defaultConfigurationName = Release;
		};
		DC5F72672615C83B00A80CB3 /* Build configuration list for PBXNativeTarget "GPUImageDemo" */ = {
			isa = XCConfigurationList;
			buildConfigurations = (
				DC5F72682615C83B00A80CB3 /* Debug */,
				DC5F72692615C83B00A80CB3 /* Release */,
			);
			defaultConfigurationIsVisible = 0;
			defaultConfigurationName = Release;
		};
/* End XCConfigurationList section */
	};
	rootObject = DC5F72462615C83900A80CB3 /* Project object */;
}
